
Microsoft Visual Studio Solution File, Format Version 9.00
# Visual Studio 2005
Project("{FAE04EC0-301F-11D3-BF4B-00C04F79EFBC}") = "EngageBooking", "EngageBooking.csproj", "{F9BEB83D-4945-45DE-BF7D-11FBD4A15080}"
	ProjectSection(WebsiteProperties) = preProject
		Debug.AspNetCompiler.Debug = "True"
		Release.AspNetCompiler.Debug = "False"
	EndProjectSection
EndProject
Global
	GlobalSection(TeamFoundationVersionControl) = preSolution
		SccNumberOfProjects = 2
		SccEnterpriseProvider = {4CA58AB2-18FA-4F8D-95D4-32DDF27D184C}
		SccTeamFoundationServer = http://etg40:8080/
		SccLocalPath0 = .
		SccProjectUniqueName1 = EngageBooking.csproj
		SccLocalPath1 = .
	EndGlobalSection
	GlobalSection(SolutionConfigurationPlatforms) = preSolution
		Debug|Any CPU = Debug|Any CPU
		Release|Any CPU = Release|Any CPU
	EndGlobalSection
	GlobalSection(ProjectConfigurationPlatforms) = postSolution
		{F9BEB83D-4945-45DE-BF7D-11FBD4A15080}.Debug|Any CPU.ActiveCfg = Debug|Any CPU
		{F9BEB83D-4945-45DE-BF7D-11FBD4A15080}.Debug|Any CPU.Build.0 = Debug|Any CPU
		{F9BEB83D-4945-45DE-BF7D-11FBD4A15080}.Release|Any CPU.ActiveCfg = Release|Any CPU
		{F9BEB83D-4945-45DE-BF7D-11FBD4A15080}.Release|Any CPU.Build.0 = Release|Any CPU
	EndGlobalSection
	GlobalSection(SolutionProperties) = preSolution
		HideSolutionNode = FALSE
	EndGlobalSection
EndGlobal
