
Microsoft Visual Studio Solution File, Format Version 10.00
# Visual Studio 2008
Project("{2150E333-8FDC-42A3-9474-1A3956D46DE8}") = "Solution Items", "Solution Items", "{9A7429F0-BB4E-4881-8994-25F2DC070C75}"
	ProjectSection(SolutionItems) = preProject
		EngageBooking.sln = EngageBooking.sln
	EndProjectSection
EndProject
Project("{2150E333-8FDC-42A3-9474-1A3956D46DE8}") = "MSBuild", "MSBuild", "{37A69CBB-5A04-4D74-A16C-765FDE6BF9F3}"
	ProjectSection(SolutionItems) = preProject
		MSBuild\EcmaScript.NET.modified.dll = MSBuild\EcmaScript.NET.modified.dll
		MSBuild\Iesi.Collections.dll = MSBuild\Iesi.Collections.dll
		MSBuild\Yahoo.Yui.Compressor.NET20.dll = MSBuild\Yahoo.Yui.Compressor.NET20.dll
		MSBuild\Yui.Compressor.targets = MSBuild\Yui.Compressor.targets
	EndProjectSection
EndProject
Project("{FAE04EC0-301F-11D3-BF4B-00C04F79EFBC}") = "EngageBooking", "EngageBooking.csproj", "{F9BEB83D-4945-45DE-BF7D-11FBD4A15080}"
EndProject
Project("{FAE04EC0-301F-11D3-BF4B-00C04F79EFBC}") = "Engage.Booking", "..\..\..\..\..\..\code\Engage 3.0\Engage.Booking\Engage.Booking.csproj", "{686828D3-793D-4589-B9C3-305CA0A8E36F}"
EndProject
Global
	GlobalSection(TeamFoundationVersionControl) = preSolution
		SccNumberOfProjects = 3
		SccEnterpriseProvider = {4CA58AB2-18FA-4F8D-95D4-32DDF27D184C}
		SccTeamFoundationServer = http://tfs2008.etg-inc.net:8080/
		SccLocalPath0 = .
		SccProjectUniqueName1 = EngageBooking.csproj
		SccLocalPath1 = .
		SccProjectUniqueName2 = ..\\..\\..\\..\\..\\..\\code\\Engage\u00203.0\\Engage.Booking\\Engage.Booking.csproj
		SccProjectName2 = ../../Engage\u00203.0/Engage.Booking
		SccLocalPath2 = ..\\..\\..\\..\\..\\..\\code\\Engage\u00203.0\\Engage.Booking
	EndGlobalSection
	GlobalSection(SolutionConfigurationPlatforms) = preSolution
		Debug|Any CPU = Debug|Any CPU
		Release|Any CPU = Release|Any CPU
	EndGlobalSection
	GlobalSection(ProjectConfigurationPlatforms) = postSolution
		{F9BEB83D-4945-45DE-BF7D-11FBD4A15080}.Debug|Any CPU.ActiveCfg = Debug|Any CPU
		{F9BEB83D-4945-45DE-BF7D-11FBD4A15080}.Debug|Any CPU.Build.0 = Debug|Any CPU
		{F9BEB83D-4945-45DE-BF7D-11FBD4A15080}.Release|Any CPU.ActiveCfg = Release|Any CPU
		{F9BEB83D-4945-45DE-BF7D-11FBD4A15080}.Release|Any CPU.Build.0 = Release|Any CPU
		{686828D3-793D-4589-B9C3-305CA0A8E36F}.Debug|Any CPU.ActiveCfg = Debug|Any CPU
		{686828D3-793D-4589-B9C3-305CA0A8E36F}.Debug|Any CPU.Build.0 = Debug|Any CPU
		{686828D3-793D-4589-B9C3-305CA0A8E36F}.Release|Any CPU.ActiveCfg = Release|Any CPU
		{686828D3-793D-4589-B9C3-305CA0A8E36F}.Release|Any CPU.Build.0 = Release|Any CPU
	EndGlobalSection
	GlobalSection(SolutionProperties) = preSolution
		HideSolutionNode = FALSE
	EndGlobalSection
	GlobalSection(NestedProjects) = preSolution
		{37A69CBB-5A04-4D74-A16C-765FDE6BF9F3} = {9A7429F0-BB4E-4881-8994-25F2DC070C75}
	EndGlobalSection
EndGlobal
