
Microsoft Visual Studio Solution File, Format Version 12.00
# Visual Studio 2013
VisualStudioVersion = 12.0.21005.1
MinimumVisualStudioVersion = 10.0.40219.1
Project("{2150E333-8FDC-42A3-9474-1A3956D46DE8}") = "Solution Items", "Solution Items", "{9A7429F0-BB4E-4881-8994-25F2DC070C75}"
EndProject
Project("{2150E333-8FDC-42A3-9474-1A3956D46DE8}") = "MSBuild", "MSBuild", "{37A69CBB-5A04-4D74-A16C-765FDE6BF9F3}"
	ProjectSection(SolutionItems) = preProject
		MSBuild\EcmaScript.NET.modified.dll = MSBuild\EcmaScript.NET.modified.dll
		MSBuild\Yahoo.Yui.Compressor.dll = MSBuild\Yahoo.Yui.Compressor.dll
		MSBuild\Yui.Compressor.targets = MSBuild\Yui.Compressor.targets
	EndProjectSection
EndProject
Project("{FAE04EC0-301F-11D3-BF4B-00C04F79EFBC}") = "EngageBooking", "EngageBooking.csproj", "{F9BEB83D-4945-45DE-BF7D-11FBD4A15080}"
EndProject
Global
	GlobalSection(SolutionConfigurationPlatforms) = preSolution
		Debug|Any CPU = Debug|Any CPU
		Release|Any CPU = Release|Any CPU
		Trial|Any CPU = Trial|Any CPU
	EndGlobalSection
	GlobalSection(ProjectConfigurationPlatforms) = postSolution
		{F9BEB83D-4945-45DE-BF7D-11FBD4A15080}.Debug|Any CPU.ActiveCfg = Debug|Any CPU
		{F9BEB83D-4945-45DE-BF7D-11FBD4A15080}.Debug|Any CPU.Build.0 = Debug|Any CPU
		{F9BEB83D-4945-45DE-BF7D-11FBD4A15080}.Release|Any CPU.ActiveCfg = Release|Any CPU
		{F9BEB83D-4945-45DE-BF7D-11FBD4A15080}.Release|Any CPU.Build.0 = Release|Any CPU
		{F9BEB83D-4945-45DE-BF7D-11FBD4A15080}.Trial|Any CPU.ActiveCfg = Trial|Any CPU
		{F9BEB83D-4945-45DE-BF7D-11FBD4A15080}.Trial|Any CPU.Build.0 = Trial|Any CPU
	EndGlobalSection
	GlobalSection(SolutionProperties) = preSolution
		HideSolutionNode = FALSE
	EndGlobalSection
	GlobalSection(NestedProjects) = preSolution
		{37A69CBB-5A04-4D74-A16C-765FDE6BF9F3} = {9A7429F0-BB4E-4881-8994-25F2DC070C75}
	EndGlobalSection
EndGlobal
